
Microsoft Visual Studio Solution File, Format Version 12.00
# Visual Studio Version 17
VisualStudioVersion = 17.4.33122.133
MinimumVisualStudioVersion = 10.0.40219.1
Project("{FAE04EC0-301F-11D3-BF4B-00C04F79EFBC}") = "L8_Marisa_Martínez_1068823", "L8_Marisa_Martínez_1068823\L8_Marisa_Martínez_1068823.csproj", "{E2A6C200-D7E0-4086-907E-5F7D2958E337}"
EndProject
Global
	GlobalSection(SolutionConfigurationPlatforms) = preSolution
		Debug|Any CPU = Debug|Any CPU
		Release|Any CPU = Release|Any CPU
	EndGlobalSection
	GlobalSection(ProjectConfigurationPlatforms) = postSolution
		{E2A6C200-D7E0-4086-907E-5F7D2958E337}.Debug|Any CPU.ActiveCfg = Debug|Any CPU
		{E2A6C200-D7E0-4086-907E-5F7D2958E337}.Debug|Any CPU.Build.0 = Debug|Any CPU
		{E2A6C200-D7E0-4086-907E-5F7D2958E337}.Release|Any CPU.ActiveCfg = Release|Any CPU
		{E2A6C200-D7E0-4086-907E-5F7D2958E337}.Release|Any CPU.Build.0 = Release|Any CPU
	EndGlobalSection
	GlobalSection(SolutionProperties) = preSolution
		HideSolutionNode = FALSE
	EndGlobalSection
	GlobalSection(ExtensibilityGlobals) = postSolution
		SolutionGuid = {BE7E67DF-0918-47DB-9CAF-5632525DDD21}
	EndGlobalSection
EndGlobal
